
Microsoft Visual Studio Solution File, Format Version 12.00
# Visual Studio 15
VisualStudioVersion = 15.0.27703.2026
MinimumVisualStudioVersion = 10.0.40219.1
Project("{FAE04EC0-301F-11D3-BF4B-00C04F79EFBC}") = "Townships", "Townships\Townships.csproj", "{E5B8EB91-21A8-4239-B3B6-41F1E01C5C4C}"
EndProject
Project("{FAE04EC0-301F-11D3-BF4B-00C04F79EFBC}") = "ProjectClassLib", "..\..\..\..\..\OneDrive - Sycor GmbH\Projekte\ProjectClassLib\ProjectClassLib\ProjectClassLib.csproj", "{929ED699-938B-404D-90F9-628B742DD515}"
EndProject
Global
	GlobalSection(SolutionConfigurationPlatforms) = preSolution
		Debug|Any CPU = Debug|Any CPU
		Release|Any CPU = Release|Any CPU
	EndGlobalSection
	GlobalSection(ProjectConfigurationPlatforms) = postSolution
		{E5B8EB91-21A8-4239-B3B6-41F1E01C5C4C}.Debug|Any CPU.ActiveCfg = Debug|Any CPU
		{E5B8EB91-21A8-4239-B3B6-41F1E01C5C4C}.Debug|Any CPU.Build.0 = Debug|Any CPU
		{E5B8EB91-21A8-4239-B3B6-41F1E01C5C4C}.Release|Any CPU.ActiveCfg = Release|Any CPU
		{E5B8EB91-21A8-4239-B3B6-41F1E01C5C4C}.Release|Any CPU.Build.0 = Release|Any CPU
		{929ED699-938B-404D-90F9-628B742DD515}.Debug|Any CPU.ActiveCfg = Debug|Any CPU
		{929ED699-938B-404D-90F9-628B742DD515}.Debug|Any CPU.Build.0 = Debug|Any CPU
		{929ED699-938B-404D-90F9-628B742DD515}.Release|Any CPU.ActiveCfg = Release|Any CPU
		{929ED699-938B-404D-90F9-628B742DD515}.Release|Any CPU.Build.0 = Release|Any CPU
	EndGlobalSection
	GlobalSection(SolutionProperties) = preSolution
		HideSolutionNode = FALSE
	EndGlobalSection
	GlobalSection(ExtensibilityGlobals) = postSolution
		SolutionGuid = {FD9ECED7-B354-4762-AE7B-36DA9ED335A0}
	EndGlobalSection
EndGlobal
